
Microsoft Visual Studio Solution File, Format Version 12.00
# Visual Studio 15
VisualStudioVersion = 15.0.26730.16
MinimumVisualStudioVersion = 10.0.40219.1
Project("{FAE04EC0-301F-11D3-BF4B-00C04F79EFBC}") = "LBL-EmptyWebApp", "LBL-EmptyWebApp\LBL-EmptyWebApp.csproj", "{6BAA41C5-8994-42AB-9D7D-5EC0DC41DBAC}"
EndProject
Project("{2150E333-8FDC-42A3-9474-1A3956D46DE8}") = "01 Server", "01 Server", "{10DD1A83-92D4-4666-B915-E7455BB1D667}"
EndProject
Project("{2150E333-8FDC-42A3-9474-1A3956D46DE8}") = "02 Service", "02 Service", "{3E8325E7-5E55-42F7-A091-FDBB88868661}"
EndProject
Project("{2150E333-8FDC-42A3-9474-1A3956D46DE8}") = "03 Repository", "03 Repository", "{0B6388CA-576A-4716-BE6E-3DE622AC3B33}"
EndProject
Project("{2150E333-8FDC-42A3-9474-1A3956D46DE8}") = "04 Model", "04 Model", "{D724AF90-E1B6-459F-B100-1A044911D807}"
EndProject
Project("{FAE04EC0-301F-11D3-BF4B-00C04F79EFBC}") = "Lms-Server", "Lms-Server\Lms-Server.csproj", "{669A6D87-0B74-4F6A-B0BC-4FF93DEF2F2F}"
EndProject
Project("{FAE04EC0-301F-11D3-BF4B-00C04F79EFBC}") = "Lms.Service", "Lms.Service\Lms.Service.csproj", "{0D344395-AC4D-442C-81C6-25BD3B9008D3}"
EndProject
Project("{FAE04EC0-301F-11D3-BF4B-00C04F79EFBC}") = "Lms.Repository", "Lms.Repository\Lms.Repository.csproj", "{260528FD-BF30-4067-B849-F83E22F1A252}"
EndProject
Project("{FAE04EC0-301F-11D3-BF4B-00C04F79EFBC}") = "Lms.Model", "Lms.Model\Lms.Model.csproj", "{4C699223-7334-4E3C-A68E-906C8C7077C5}"
EndProject
Project("{FAE04EC0-301F-11D3-BF4B-00C04F79EFBC}") = "Lms.RequestModel", "Lms.RequestModel\Lms.RequestModel.csproj", "{4292BB65-0995-419D-93C9-E1FBE70AD64A}"
EndProject
Project("{FAE04EC0-301F-11D3-BF4B-00C04F79EFBC}") = "Lms.ViewModel", "Lms.ViewModel\Lms.ViewModel.csproj", "{155A1260-B751-4037-BFAC-D5D88B598E43}"
EndProject
Global
	GlobalSection(SolutionConfigurationPlatforms) = preSolution
		Debug|Any CPU = Debug|Any CPU
		Release|Any CPU = Release|Any CPU
	EndGlobalSection
	GlobalSection(ProjectConfigurationPlatforms) = postSolution
		{6BAA41C5-8994-42AB-9D7D-5EC0DC41DBAC}.Debug|Any CPU.ActiveCfg = Debug|Any CPU
		{6BAA41C5-8994-42AB-9D7D-5EC0DC41DBAC}.Debug|Any CPU.Build.0 = Debug|Any CPU
		{6BAA41C5-8994-42AB-9D7D-5EC0DC41DBAC}.Release|Any CPU.ActiveCfg = Release|Any CPU
		{6BAA41C5-8994-42AB-9D7D-5EC0DC41DBAC}.Release|Any CPU.Build.0 = Release|Any CPU
		{669A6D87-0B74-4F6A-B0BC-4FF93DEF2F2F}.Debug|Any CPU.ActiveCfg = Debug|Any CPU
		{669A6D87-0B74-4F6A-B0BC-4FF93DEF2F2F}.Debug|Any CPU.Build.0 = Debug|Any CPU
		{669A6D87-0B74-4F6A-B0BC-4FF93DEF2F2F}.Release|Any CPU.ActiveCfg = Release|Any CPU
		{669A6D87-0B74-4F6A-B0BC-4FF93DEF2F2F}.Release|Any CPU.Build.0 = Release|Any CPU
		{0D344395-AC4D-442C-81C6-25BD3B9008D3}.Debug|Any CPU.ActiveCfg = Debug|Any CPU
		{0D344395-AC4D-442C-81C6-25BD3B9008D3}.Debug|Any CPU.Build.0 = Debug|Any CPU
		{0D344395-AC4D-442C-81C6-25BD3B9008D3}.Release|Any CPU.ActiveCfg = Release|Any CPU
		{0D344395-AC4D-442C-81C6-25BD3B9008D3}.Release|Any CPU.Build.0 = Release|Any CPU
		{260528FD-BF30-4067-B849-F83E22F1A252}.Debug|Any CPU.ActiveCfg = Debug|Any CPU
		{260528FD-BF30-4067-B849-F83E22F1A252}.Debug|Any CPU.Build.0 = Debug|Any CPU
		{260528FD-BF30-4067-B849-F83E22F1A252}.Release|Any CPU.ActiveCfg = Release|Any CPU
		{260528FD-BF30-4067-B849-F83E22F1A252}.Release|Any CPU.Build.0 = Release|Any CPU
		{4C699223-7334-4E3C-A68E-906C8C7077C5}.Debug|Any CPU.ActiveCfg = Debug|Any CPU
		{4C699223-7334-4E3C-A68E-906C8C7077C5}.Debug|Any CPU.Build.0 = Debug|Any CPU
		{4C699223-7334-4E3C-A68E-906C8C7077C5}.Release|Any CPU.ActiveCfg = Release|Any CPU
		{4C699223-7334-4E3C-A68E-906C8C7077C5}.Release|Any CPU.Build.0 = Release|Any CPU
		{4292BB65-0995-419D-93C9-E1FBE70AD64A}.Debug|Any CPU.ActiveCfg = Debug|Any CPU
		{4292BB65-0995-419D-93C9-E1FBE70AD64A}.Debug|Any CPU.Build.0 = Debug|Any CPU
		{4292BB65-0995-419D-93C9-E1FBE70AD64A}.Release|Any CPU.ActiveCfg = Release|Any CPU
		{4292BB65-0995-419D-93C9-E1FBE70AD64A}.Release|Any CPU.Build.0 = Release|Any CPU
		{155A1260-B751-4037-BFAC-D5D88B598E43}.Debug|Any CPU.ActiveCfg = Debug|Any CPU
		{155A1260-B751-4037-BFAC-D5D88B598E43}.Debug|Any CPU.Build.0 = Debug|Any CPU
		{155A1260-B751-4037-BFAC-D5D88B598E43}.Release|Any CPU.ActiveCfg = Release|Any CPU
		{155A1260-B751-4037-BFAC-D5D88B598E43}.Release|Any CPU.Build.0 = Release|Any CPU
	EndGlobalSection
	GlobalSection(SolutionProperties) = preSolution
		HideSolutionNode = FALSE
	EndGlobalSection
	GlobalSection(NestedProjects) = preSolution
		{669A6D87-0B74-4F6A-B0BC-4FF93DEF2F2F} = {10DD1A83-92D4-4666-B915-E7455BB1D667}
		{0D344395-AC4D-442C-81C6-25BD3B9008D3} = {3E8325E7-5E55-42F7-A091-FDBB88868661}
		{260528FD-BF30-4067-B849-F83E22F1A252} = {0B6388CA-576A-4716-BE6E-3DE622AC3B33}
		{4C699223-7334-4E3C-A68E-906C8C7077C5} = {D724AF90-E1B6-459F-B100-1A044911D807}
		{4292BB65-0995-419D-93C9-E1FBE70AD64A} = {D724AF90-E1B6-459F-B100-1A044911D807}
		{155A1260-B751-4037-BFAC-D5D88B598E43} = {D724AF90-E1B6-459F-B100-1A044911D807}
	EndGlobalSection
	GlobalSection(ExtensibilityGlobals) = postSolution
		SolutionGuid = {BD02734C-A036-4BAE-B48F-8CAE1F3954C6}
	EndGlobalSection
EndGlobal
